
Microsoft Visual Studio Solution File, Format Version 12.00
# Visual Studio Version 17
VisualStudioVersion = 17.7.33711.374
MinimumVisualStudioVersion = 10.0.40219.1
Project("{FAE04EC0-301F-11D3-BF4B-00C04F79EFBC}") = "ProgramMakingProgram", "CSharpPlayersGuideCSharp11Expansion\ProgramMakingProgram.csproj", "{980F8DAE-75CA-4010-A7ED-A37955D65F38}"
EndProject
Project("{FAE04EC0-301F-11D3-BF4B-00C04F79EFBC}") = "TheMap", "TheMap\TheMap.csproj", "{380A5628-0B6F-4AFA-9C91-729C1072CE91}"
EndProject
Global
	GlobalSection(SolutionConfigurationPlatforms) = preSolution
		Debug|Any CPU = Debug|Any CPU
		Release|Any CPU = Release|Any CPU
	EndGlobalSection
	GlobalSection(ProjectConfigurationPlatforms) = postSolution
		{980F8DAE-75CA-4010-A7ED-A37955D65F38}.Debug|Any CPU.ActiveCfg = Debug|Any CPU
		{980F8DAE-75CA-4010-A7ED-A37955D65F38}.Debug|Any CPU.Build.0 = Debug|Any CPU
		{980F8DAE-75CA-4010-A7ED-A37955D65F38}.Release|Any CPU.ActiveCfg = Release|Any CPU
		{980F8DAE-75CA-4010-A7ED-A37955D65F38}.Release|Any CPU.Build.0 = Release|Any CPU
		{380A5628-0B6F-4AFA-9C91-729C1072CE91}.Debug|Any CPU.ActiveCfg = Debug|Any CPU
		{380A5628-0B6F-4AFA-9C91-729C1072CE91}.Debug|Any CPU.Build.0 = Debug|Any CPU
		{380A5628-0B6F-4AFA-9C91-729C1072CE91}.Release|Any CPU.ActiveCfg = Release|Any CPU
		{380A5628-0B6F-4AFA-9C91-729C1072CE91}.Release|Any CPU.Build.0 = Release|Any CPU
	EndGlobalSection
	GlobalSection(SolutionProperties) = preSolution
		HideSolutionNode = FALSE
	EndGlobalSection
	GlobalSection(ExtensibilityGlobals) = postSolution
		SolutionGuid = {B2270385-9EEF-4C96-97E7-7DCBA5DB033F}
	EndGlobalSection
EndGlobal
